// !$*UTF8*$!
{
	archiveVersion = 1;
	classes = {
	};
	objectVersion = 48;
	objects = {

/* Begin PBXBuildFile section */
		16DEED391FD442720090C969 /* AppDelegate.swift in Sources */ = {isa = PBXBuildFile; fileRef = 16DEED381FD442720090C969 /* AppDelegate.swift */; };
		16DEED3E1FD442720090C969 /* Main.storyboard in Resources */ = {isa = PBXBuildFile; fileRef = 16DEED3C1FD442720090C969 /* Main.storyboard */; };
		16DEED401FD442720090C969 /* Assets.xcassets in Resources */ = {isa = PBXBuildFile; fileRef = 16DEED3F1FD442720090C969 /* Assets.xcassets */; };
		16DEED431FD442720090C969 /* LaunchScreen.storyboard in Resources */ = {isa = PBXBuildFile; fileRef = 16DEED411FD442720090C969 /* LaunchScreen.storyboard */; };
		16DEED511FD4443B0090C969 /* FixturesViewController.swift in Sources */ = {isa = PBXBuildFile; fileRef = 16DEED501FD4443B0090C969 /* FixturesViewController.swift */; };
		16DEED531FD4445D0090C969 /* FixturesFlowController.swift in Sources */ = {isa = PBXBuildFile; fileRef = 16DEED521FD4445D0090C969 /* FixturesFlowController.swift */; };
		16DEED551FD4446B0090C969 /* FixturesFactory.swift in Sources */ = {isa = PBXBuildFile; fileRef = 16DEED541FD4446B0090C969 /* FixturesFactory.swift */; };
		16DEED581FD444C10090C969 /* Colors+definitions.swift in Sources */ = {isa = PBXBuildFile; fileRef = 16DEED571FD444C10090C969 /* Colors+definitions.swift */; };
		16DEED5B1FD448700090C969 /* FixturesViewModel.swift in Sources */ = {isa = PBXBuildFile; fileRef = 16DEED5A1FD448700090C969 /* FixturesViewModel.swift */; };
/* End PBXBuildFile section */

/* Begin PBXFileReference section */
		16DEED351FD442720090C969 /* FixtureFilter.app */ = {isa = PBXFileReference; explicitFileType = wrapper.application; includeInIndex = 0; path = FixtureFilter.app; sourceTree = BUILT_PRODUCTS_DIR; };
		16DEED381FD442720090C969 /* AppDelegate.swift */ = {isa = PBXFileReference; lastKnownFileType = sourcecode.swift; path = AppDelegate.swift; sourceTree = "<group>"; };
		16DEED3D1FD442720090C969 /* Base */ = {isa = PBXFileReference; lastKnownFileType = file.storyboard; name = Base; path = Base.lproj/Main.storyboard; sourceTree = "<group>"; };
		16DEED3F1FD442720090C969 /* Assets.xcassets */ = {isa = PBXFileReference; lastKnownFileType = folder.assetcatalog; path = Assets.xcassets; sourceTree = "<group>"; };
		16DEED421FD442720090C969 /* Base */ = {isa = PBXFileReference; lastKnownFileType = file.storyboard; name = Base; path = Base.lproj/LaunchScreen.storyboard; sourceTree = "<group>"; };
		16DEED441FD442720090C969 /* Info.plist */ = {isa = PBXFileReference; lastKnownFileType = text.plist.xml; path = Info.plist; sourceTree = "<group>"; };
		16DEED501FD4443B0090C969 /* FixturesViewController.swift */ = {isa = PBXFileReference; lastKnownFileType = sourcecode.swift; path = FixturesViewController.swift; sourceTree = "<group>"; };
		16DEED521FD4445D0090C969 /* FixturesFlowController.swift */ = {isa = PBXFileReference; lastKnownFileType = sourcecode.swift; path = FixturesFlowController.swift; sourceTree = "<group>"; };
		16DEED541FD4446B0090C969 /* FixturesFactory.swift */ = {isa = PBXFileReference; lastKnownFileType = sourcecode.swift; path = FixturesFactory.swift; sourceTree = "<group>"; };
		16DEED571FD444C10090C969 /* Colors+definitions.swift */ = {isa = PBXFileReference; lastKnownFileType = sourcecode.swift; path = "Colors+definitions.swift"; sourceTree = "<group>"; };
		16DEED5A1FD448700090C969 /* FixturesViewModel.swift */ = {isa = PBXFileReference; lastKnownFileType = sourcecode.swift; path = FixturesViewModel.swift; sourceTree = "<group>"; };
/* End PBXFileReference section */

/* Begin PBXFrameworksBuildPhase section */
		16DEED321FD442720090C969 /* Frameworks */ = {
			isa = PBXFrameworksBuildPhase;
			buildActionMask = 2147483647;
			files = (
			);
			runOnlyForDeploymentPostprocessing = 0;
		};
/* End PBXFrameworksBuildPhase section */

/* Begin PBXGroup section */
		16DEED2C1FD442720090C969 = {
			isa = PBXGroup;
			children = (
				16DEED371FD442720090C969 /* FixtureFilter */,
				16DEED361FD442720090C969 /* Products */,
			);
			sourceTree = "<group>";
		};
		16DEED361FD442720090C969 /* Products */ = {
			isa = PBXGroup;
			children = (
				16DEED351FD442720090C969 /* FixtureFilter.app */,
			);
			name = Products;
			sourceTree = "<group>";
		};
		16DEED371FD442720090C969 /* FixtureFilter */ = {
			isa = PBXGroup;
			children = (
				16DEED381FD442720090C969 /* AppDelegate.swift */,
				16DEED3F1FD442720090C969 /* Assets.xcassets */,
				16DEED411FD442720090C969 /* LaunchScreen.storyboard */,
				16DEED441FD442720090C969 /* Info.plist */,
				16DEED561FD444A90090C969 /* Extensions */,
				16DEED591FD448270090C969 /* Reusables */,
				16DEED4B1FD443CB0090C969 /* Modules */,
			);
			path = FixtureFilter;
			sourceTree = "<group>";
		};
		16DEED4B1FD443CB0090C969 /* Modules */ = {
			isa = PBXGroup;
			children = (
				16DEED4C1FD443D30090C969 /* Fixtures */,
			);
			path = Modules;
			sourceTree = "<group>";
		};
		16DEED4C1FD443D30090C969 /* Fixtures */ = {
			isa = PBXGroup;
			children = (
				16DEED3C1FD442720090C969 /* Main.storyboard */,
				16DEED4F1FD443FB0090C969 /* Flow */,
				16DEED4E1FD443F50090C969 /* View Models */,
				16DEED4D1FD443EB0090C969 /* Controllers */,
			);
			path = Fixtures;
			sourceTree = "<group>";
		};
		16DEED4D1FD443EB0090C969 /* Controllers */ = {
			isa = PBXGroup;
			children = (
				16DEED501FD4443B0090C969 /* FixturesViewController.swift */,
			);
			path = Controllers;
			sourceTree = "<group>";
		};
		16DEED4E1FD443F50090C969 /* View Models */ = {
			isa = PBXGroup;
			children = (
				16DEED5A1FD448700090C969 /* FixturesViewModel.swift */,
			);
			path = "View Models";
			sourceTree = "<group>";
		};
		16DEED4F1FD443FB0090C969 /* Flow */ = {
			isa = PBXGroup;
			children = (
				16DEED521FD4445D0090C969 /* FixturesFlowController.swift */,
				16DEED541FD4446B0090C969 /* FixturesFactory.swift */,
			);
			path = Flow;
			sourceTree = "<group>";
		};
		16DEED561FD444A90090C969 /* Extensions */ = {
			isa = PBXGroup;
			children = (
				16DEED571FD444C10090C969 /* Colors+definitions.swift */,
			);
			path = Extensions;
			sourceTree = "<group>";
		};
		16DEED591FD448270090C969 /* Reusables */ = {
			isa = PBXGroup;
			children = (
			);
			path = Reusables;
			sourceTree = "<group>";
		};
/* End PBXGroup section */

/* Begin PBXNativeTarget section */
		16DEED341FD442720090C969 /* FixtureFilter */ = {
			isa = PBXNativeTarget;
			buildConfigurationList = 16DEED471FD442720090C969 /* Build configuration list for PBXNativeTarget "FixtureFilter" */;
			buildPhases = (
				16DEED311FD442720090C969 /* Sources */,
				16DEED321FD442720090C969 /* Frameworks */,
				16DEED331FD442720090C969 /* Resources */,
			);
			buildRules = (
			);
			dependencies = (
			);
			name = FixtureFilter;
			productName = FixtureFilter;
			productReference = 16DEED351FD442720090C969 /* FixtureFilter.app */;
			productType = "com.apple.product-type.application";
		};
/* End PBXNativeTarget section */

/* Begin PBXProject section */
		16DEED2D1FD442720090C969 /* Project object */ = {
			isa = PBXProject;
			attributes = {
				LastSwiftUpdateCheck = 0910;
				LastUpgradeCheck = 0910;
				ORGANIZATIONNAME = keisyrzk;
				TargetAttributes = {
					16DEED341FD442720090C969 = {
						CreatedOnToolsVersion = 9.1;
						ProvisioningStyle = Automatic;
					};
				};
			};
			buildConfigurationList = 16DEED301FD442720090C969 /* Build configuration list for PBXProject "FixtureFilter" */;
			compatibilityVersion = "Xcode 8.0";
			developmentRegion = en;
			hasScannedForEncodings = 0;
			knownRegions = (
				en,
				Base,
			);
			mainGroup = 16DEED2C1FD442720090C969;
			productRefGroup = 16DEED361FD442720090C969 /* Products */;
			projectDirPath = "";
			projectRoot = "";
			targets = (
				16DEED341FD442720090C969 /* FixtureFilter */,
			);
		};
/* End PBXProject section */

/* Begin PBXResourcesBuildPhase section */
		16DEED331FD442720090C969 /* Resources */ = {
			isa = PBXResourcesBuildPhase;
			buildActionMask = 2147483647;
			files = (
				16DEED431FD442720090C969 /* LaunchScreen.storyboard in Resources */,
				16DEED401FD442720090C969 /* Assets.xcassets in Resources */,
				16DEED3E1FD442720090C969 /* Main.storyboard in Resources */,
			);
			runOnlyForDeploymentPostprocessing = 0;
		};
/* End PBXResourcesBuildPhase section */

/* Begin PBXSourcesBuildPhase section */
		16DEED311FD442720090C969 /* Sources */ = {
			isa = PBXSourcesBuildPhase;
			buildActionMask = 2147483647;
			files = (
				16DEED531FD4445D0090C969 /* FixturesFlowController.swift in Sources */,
				16DEED511FD4443B0090C969 /* FixturesViewController.swift in Sources */,
				16DEED551FD4446B0090C969 /* FixturesFactory.swift in Sources */,
				16DEED391FD442720090C969 /* AppDelegate.swift in Sources */,
				16DEED5B1FD448700090C969 /* FixturesViewModel.swift in Sources */,
				16DEED581FD444C10090C969 /* Colors+definitions.swift in Sources */,
			);
			runOnlyForDeploymentPostprocessing = 0;
		};
/* End PBXSourcesBuildPhase section */

/* Begin PBXVariantGroup section */
		16DEED3C1FD442720090C969 /* Main.storyboard */ = {
			isa = PBXVariantGroup;
			children = (
				16DEED3D1FD442720090C969 /* Base */,
			);
			name = Main.storyboard;
			sourceTree = "<group>";
		};
		16DEED411FD442720090C969 /* LaunchScreen.storyboard */ = {
			isa = PBXVariantGroup;
			children = (
				16DEED421FD442720090C969 /* Base */,
			);
			name = LaunchScreen.storyboard;
			sourceTree = "<group>";
		};
/* End PBXVariantGroup section */

/* Begin XCBuildConfiguration section */
		16DEED451FD442720090C969 /* Debug */ = {
			isa = XCBuildConfiguration;
			buildSettings = {
				ALWAYS_SEARCH_USER_PATHS = NO;
				CLANG_ANALYZER_NONNULL = YES;
				CLANG_ANALYZER_NUMBER_OBJECT_CONVERSION = YES_AGGRESSIVE;
				CLANG_CXX_LANGUAGE_STANDARD = "gnu++14";
				CLANG_CXX_LIBRARY = "libc++";
				CLANG_ENABLE_MODULES = YES;
				CLANG_ENABLE_OBJC_ARC = YES;
				CLANG_WARN_BLOCK_CAPTURE_AUTORELEASING = YES;
				CLANG_WARN_BOOL_CONVERSION = YES;
				CLANG_WARN_COMMA = YES;
				CLANG_WARN_CONSTANT_CONVERSION = YES;
				CLANG_WARN_DIRECT_OBJC_ISA_USAGE = YES_ERROR;
				CLANG_WARN_DOCUMENTATION_COMMENTS = YES;
				CLANG_WARN_EMPTY_BODY = YES;
				CLANG_WARN_ENUM_CONVERSION = YES;
				CLANG_WARN_INFINITE_RECURSION = YES;
				CLANG_WARN_INT_CONVERSION = YES;
				CLANG_WARN_NON_LITERAL_NULL_CONVERSION = YES;
				CLANG_WARN_OBJC_LITERAL_CONVERSION = YES;
				CLANG_WARN_OBJC_ROOT_CLASS = YES_ERROR;
				CLANG_WARN_RANGE_LOOP_ANALYSIS = YES;
				CLANG_WARN_STRICT_PROTOTYPES = YES;
				CLANG_WARN_SUSPICIOUS_MOVE = YES;
				CLANG_WARN_UNGUARDED_AVAILABILITY = YES_AGGRESSIVE;
				CLANG_WARN_UNREACHABLE_CODE = YES;
				CLANG_WARN__DUPLICATE_METHOD_MATCH = YES;
				CODE_SIGN_IDENTITY = "iPhone Developer";
				COPY_PHASE_STRIP = NO;
				DEBUG_INFORMATION_FORMAT = dwarf;
				ENABLE_STRICT_OBJC_MSGSEND = YES;
				ENABLE_TESTABILITY = YES;
				GCC_C_LANGUAGE_STANDARD = gnu11;
				GCC_DYNAMIC_NO_PIC = NO;
				GCC_NO_COMMON_BLOCKS = YES;
				GCC_OPTIMIZATION_LEVEL = 0;
				GCC_PREPROCESSOR_DEFINITIONS = (
					"DEBUG=1",
					"$(inherited)",
				);
				GCC_WARN_64_TO_32_BIT_CONVERSION = YES;
				GCC_WARN_ABOUT_RETURN_TYPE = YES_ERROR;
				GCC_WARN_UNDECLARED_SELECTOR = YES;
				GCC_WARN_UNINITIALIZED_AUTOS = YES_AGGRESSIVE;
				GCC_WARN_UNUSED_FUNCTION = YES;
				GCC_WARN_UNUSED_VARIABLE = YES;
				IPHONEOS_DEPLOYMENT_TARGET = 11.1;
				MTL_ENABLE_DEBUG_INFO = YES;
				ONLY_ACTIVE_ARCH = YES;
				SDKROOT = iphoneos;
				SWIFT_ACTIVE_COMPILATION_CONDITIONS = DEBUG;
				SWIFT_OPTIMIZATION_LEVEL = "-Onone";
			};
			name = Debug;
		};
		16DEED461FD442720090C969 /* Release */ = {
			isa = XCBuildConfiguration;
			buildSettings = {
				ALWAYS_SEARCH_USER_PATHS = NO;
				CLANG_ANALYZER_NONNULL = YES;
				CLANG_ANALYZER_NUMBER_OBJECT_CONVERSION = YES_AGGRESSIVE;
				CLANG_CXX_LANGUAGE_STANDARD = "gnu++14";
				CLANG_CXX_LIBRARY = "libc++";
				CLANG_ENABLE_MODULES = YES;
				CLANG_ENABLE_OBJC_ARC = YES;
				CLANG_WARN_BLOCK_CAPTURE_AUTORELEASING = YES;
				CLANG_WARN_BOOL_CONVERSION = YES;
				CLANG_WARN_COMMA = YES;
				CLANG_WARN_CONSTANT_CONVERSION = YES;
				CLANG_WARN_DIRECT_OBJC_ISA_USAGE = YES_ERROR;
				CLANG_WARN_DOCUMENTATION_COMMENTS = YES;
				CLANG_WARN_EMPTY_BODY = YES;
				CLANG_WARN_ENUM_CONVERSION = YES;
				CLANG_WARN_INFINITE_RECURSION = YES;
				CLANG_WARN_INT_CONVERSION = YES;
				CLANG_WARN_NON_LITERAL_NULL_CONVERSION = YES;
				CLANG_WARN_OBJC_LITERAL_CONVERSION = YES;
				CLANG_WARN_OBJC_ROOT_CLASS = YES_ERROR;
				CLANG_WARN_RANGE_LOOP_ANALYSIS = YES;
				CLANG_WARN_STRICT_PROTOTYPES = YES;
				CLANG_WARN_SUSPICIOUS_MOVE = YES;
				CLANG_WARN_UNGUARDED_AVAILABILITY = YES_AGGRESSIVE;
				CLANG_WARN_UNREACHABLE_CODE = YES;
				CLANG_WARN__DUPLICATE_METHOD_MATCH = YES;
				CODE_SIGN_IDENTITY = "iPhone Developer";
				COPY_PHASE_STRIP = NO;
				DEBUG_INFORMATION_FORMAT = "dwarf-with-dsym";
				ENABLE_NS_ASSERTIONS = NO;
				ENABLE_STRICT_OBJC_MSGSEND = YES;
				GCC_C_LANGUAGE_STANDARD = gnu11;
				GCC_NO_COMMON_BLOCKS = YES;
				GCC_WARN_64_TO_32_BIT_CONVERSION = YES;
				GCC_WARN_ABOUT_RETURN_TYPE = YES_ERROR;
				GCC_WARN_UNDECLARED_SELECTOR = YES;
				GCC_WARN_UNINITIALIZED_AUTOS = YES_AGGRESSIVE;
				GCC_WARN_UNUSED_FUNCTION = YES;
				GCC_WARN_UNUSED_VARIABLE = YES;
				IPHONEOS_DEPLOYMENT_TARGET = 11.1;
				MTL_ENABLE_DEBUG_INFO = NO;
				SDKROOT = iphoneos;
				SWIFT_OPTIMIZATION_LEVEL = "-Owholemodule";
				VALIDATE_PRODUCT = YES;
			};
			name = Release;
		};
		16DEED481FD442720090C969 /* Debug */ = {
			isa = XCBuildConfiguration;
			buildSettings = {
				ASSETCATALOG_COMPILER_APPICON_NAME = AppIcon;
				CODE_SIGN_STYLE = Automatic;
				DEVELOPMENT_TEAM = 9TN55PBP68;
				INFOPLIST_FILE = FixtureFilter/Info.plist;
				IPHONEOS_DEPLOYMENT_TARGET = 9.0;
				LD_RUNPATH_SEARCH_PATHS = "$(inherited) @executable_path/Frameworks";
				PRODUCT_BUNDLE_IDENTIFIER = com.keisyrzk.FixtureFilter;
				PRODUCT_NAME = "$(TARGET_NAME)";
				SWIFT_VERSION = 4.0;
				TARGETED_DEVICE_FAMILY = "1,2";
			};
			name = Debug;
		};
		16DEED491FD442720090C969 /* Release */ = {
			isa = XCBuildConfiguration;
			buildSettings = {
				ASSETCATALOG_COMPILER_APPICON_NAME = AppIcon;
				CODE_SIGN_STYLE = Automatic;
				DEVELOPMENT_TEAM = 9TN55PBP68;
				INFOPLIST_FILE = FixtureFilter/Info.plist;
				IPHONEOS_DEPLOYMENT_TARGET = 9.0;
				LD_RUNPATH_SEARCH_PATHS = "$(inherited) @executable_path/Frameworks";
				PRODUCT_BUNDLE_IDENTIFIER = com.keisyrzk.FixtureFilter;
				PRODUCT_NAME = "$(TARGET_NAME)";
				SWIFT_VERSION = 4.0;
				TARGETED_DEVICE_FAMILY = "1,2";
			};
			name = Release;
		};
/* End XCBuildConfiguration section */

/* Begin XCConfigurationList section */
		16DEED301FD442720090C969 /* Build configuration list for PBXProject "FixtureFilter" */ = {
			isa = XCConfigurationList;
			buildConfigurations = (
				16DEED451FD442720090C969 /* Debug */,
				16DEED461FD442720090C969 /* Release */,
			);
			defaultConfigurationIsVisible = 0;
			defaultConfigurationName = Release;
		};
		16DEED471FD442720090C969 /* Build configuration list for PBXNativeTarget "FixtureFilter" */ = {
			isa = XCConfigurationList;
			buildConfigurations = (
				16DEED481FD442720090C969 /* Debug */,
				16DEED491FD442720090C969 /* Release */,
			);
			defaultConfigurationIsVisible = 0;
			defaultConfigurationName = Release;
		};
/* End XCConfigurationList section */
	};
	rootObject = 16DEED2D1FD442720090C969 /* Project object */;
}
